
Microsoft Visual Studio Solution File, Format Version 12.00
# Visual Studio Version 17
VisualStudioVersion = 17.14.36401.2
MinimumVisualStudioVersion = 10.0.40219.1
Project("{FAE04EC0-301F-11D3-BF4B-00C04F79EFBC}") = "JadooTravel", "JaddoTravel\JadooTravel.csproj", "{0ABB2CF8-4988-4A90-B6D6-7F435918BE77}"
EndProject
Global
	GlobalSection(SolutionConfigurationPlatforms) = preSolution
		Debug|Any CPU = Debug|Any CPU
		Release|Any CPU = Release|Any CPU
	EndGlobalSection
	GlobalSection(ProjectConfigurationPlatforms) = postSolution
		{0ABB2CF8-4988-4A90-B6D6-7F435918BE77}.Debug|Any CPU.ActiveCfg = Debug|Any CPU
		{0ABB2CF8-4988-4A90-B6D6-7F435918BE77}.Debug|Any CPU.Build.0 = Debug|Any CPU
		{0ABB2CF8-4988-4A90-B6D6-7F435918BE77}.Release|Any CPU.ActiveCfg = Release|Any CPU
		{0ABB2CF8-4988-4A90-B6D6-7F435918BE77}.Release|Any CPU.Build.0 = Release|Any CPU
	EndGlobalSection
	GlobalSection(SolutionProperties) = preSolution
		HideSolutionNode = FALSE
	EndGlobalSection
	GlobalSection(ExtensibilityGlobals) = postSolution
		SolutionGuid = {818815B0-B0DD-4CEE-975F-7615D6A5500C}
	EndGlobalSection
EndGlobal
